Microsoft Visual Studio Solution File, Format Version 11.00
# Visual Studio 2008

Project("{9225D287-A66F-1499-2B9E-1EA363074683}") = "2D shooting", "Assembly-CSharp.csproj", "{D7BA931B-494A-41F2-3BA9-5BABA9E2995D}"
EndProject
Global
	GlobalSection(SolutionConfigurationPlatforms) = preSolution
		Debug|Any CPU = Debug|Any CPU
		Release|Any CPU = Release|Any CPU
	EndGlobalSection
	GlobalSection(ProjectConfigurationPlatforms) = postSolution
		{D7BA931B-494A-41F2-3BA9-5BABA9E2995D}.Debug|Any CPU.ActiveCfg = Debug|Any CPU
		{D7BA931B-494A-41F2-3BA9-5BABA9E2995D}.Debug|Any CPU.Build.0 = Debug|Any CPU
		{D7BA931B-494A-41F2-3BA9-5BABA9E2995D}.Release|Any CPU.ActiveCfg = Release|Any CPU
		{D7BA931B-494A-41F2-3BA9-5BABA9E2995D}.Release|Any CPU.Build.0 = Release|Any CPU
	EndGlobalSection
	GlobalSection(SolutionProperties) = preSolution
		HideSolutionNode = FALSE
	EndGlobalSection
	GlobalSection(MonoDevelopProperties) = preSolution
		StartupItem = Assembly-CSharp.csproj
	EndGlobalSection
EndGlobal
